
Microsoft Visual Studio Solution File, Format Version 12.00
# Visual Studio 14
VisualStudioVersion = 14.0.24720.0
MinimumVisualStudioVersion = 10.0.40219.1
Project("{FAE04EC0-301F-11D3-BF4B-00C04F79EFBC}") = "DeepInsight", "DeepInsight\DeepInsight.csproj", "{F0C535EA-5835-45BD-A53B-51E2302033C2}"
EndProject
Project("{FAE04EC0-301F-11D3-BF4B-00C04F79EFBC}") = "DeepInsightWeb", "DeepInsightWeb\DeepInsightWeb.csproj", "{A76F1330-254C-4641-8BDC-A12B1D595BDE}"
EndProject
Global
	GlobalSection(SolutionConfigurationPlatforms) = preSolution
		Debug|Any CPU = Debug|Any CPU
		Release|Any CPU = Release|Any CPU
	EndGlobalSection
	GlobalSection(ProjectConfigurationPlatforms) = postSolution
		{F0C535EA-5835-45BD-A53B-51E2302033C2}.Debug|Any CPU.ActiveCfg = Debug|Any CPU
		{F0C535EA-5835-45BD-A53B-51E2302033C2}.Debug|Any CPU.Build.0 = Debug|Any CPU
		{F0C535EA-5835-45BD-A53B-51E2302033C2}.Debug|Any CPU.Deploy.0 = Debug|Any CPU
		{F0C535EA-5835-45BD-A53B-51E2302033C2}.Release|Any CPU.ActiveCfg = Release|Any CPU
		{F0C535EA-5835-45BD-A53B-51E2302033C2}.Release|Any CPU.Build.0 = Release|Any CPU
		{F0C535EA-5835-45BD-A53B-51E2302033C2}.Release|Any CPU.Deploy.0 = Release|Any CPU
		{A76F1330-254C-4641-8BDC-A12B1D595BDE}.Debug|Any CPU.ActiveCfg = Debug|Any CPU
		{A76F1330-254C-4641-8BDC-A12B1D595BDE}.Debug|Any CPU.Build.0 = Debug|Any CPU
		{A76F1330-254C-4641-8BDC-A12B1D595BDE}.Release|Any CPU.ActiveCfg = Release|Any CPU
		{A76F1330-254C-4641-8BDC-A12B1D595BDE}.Release|Any CPU.Build.0 = Release|Any CPU
	EndGlobalSection
	GlobalSection(SolutionProperties) = preSolution
		HideSolutionNode = FALSE
	EndGlobalSection
EndGlobal
